
Microsoft Visual Studio Solution File, Format Version 12.00
Project("{2150E333-8FDC-42A3-9474-1A3956D46DE8}") = "Project", "Project", "{9B431865-014C-4659-9975-3610124BA9D5}"
EndProject
Project("{F2A71F9B-5D33-465A-A702-920D77279786}") = "MongoMigrator", "MongoMigrator\MongoMigrator.fsproj", "{A93DC47F-7A06-4877-8D90-2D2DDF4E3E58}"
EndProject
Project("{FAE04EC0-301F-11D3-BF4B-00C04F79EFBC}") = "Database", "..\src\Database\Database.csproj", "{F9BC4BF7-A903-4369-86BC-48EA022D53A5}"
EndProject
Global
	GlobalSection(SolutionConfigurationPlatforms) = preSolution
		Debug|Any CPU = Debug|Any CPU
		Release|Any CPU = Release|Any CPU
	EndGlobalSection
	GlobalSection(ProjectConfigurationPlatforms) = postSolution
		{A93DC47F-7A06-4877-8D90-2D2DDF4E3E58}.Debug|Any CPU.ActiveCfg = Debug|Any CPU
		{A93DC47F-7A06-4877-8D90-2D2DDF4E3E58}.Debug|Any CPU.Build.0 = Debug|Any CPU
		{A93DC47F-7A06-4877-8D90-2D2DDF4E3E58}.Release|Any CPU.ActiveCfg = Release|Any CPU
		{A93DC47F-7A06-4877-8D90-2D2DDF4E3E58}.Release|Any CPU.Build.0 = Release|Any CPU
		{F9BC4BF7-A903-4369-86BC-48EA022D53A5}.Debug|Any CPU.ActiveCfg = Debug|Any CPU
		{F9BC4BF7-A903-4369-86BC-48EA022D53A5}.Debug|Any CPU.Build.0 = Debug|Any CPU
		{F9BC4BF7-A903-4369-86BC-48EA022D53A5}.Release|Any CPU.ActiveCfg = Release|Any CPU
		{F9BC4BF7-A903-4369-86BC-48EA022D53A5}.Release|Any CPU.Build.0 = Release|Any CPU
	EndGlobalSection
	GlobalSection(NestedProjects) = preSolution
		{F9BC4BF7-A903-4369-86BC-48EA022D53A5} = {9B431865-014C-4659-9975-3610124BA9D5}
	EndGlobalSection
EndGlobal
