
Microsoft Visual Studio Solution File, Format Version 12.00
Project("{F2A71F9B-5D33-465A-A702-920D77279786}") = "SetPlaylistsNames", "SetPlaylistsNames\SetPlaylistsNames.fsproj", "{695596B6-1E3A-414B-9FBF-79AAD25C002E}"
EndProject
Project("{F2A71F9B-5D33-465A-A702-920D77279786}") = "Migrator", "Migrator\Migrator.fsproj", "{E3DB5655-8563-450C-977B-00CDBEB4FA44}"
EndProject
Project("{2150E333-8FDC-42A3-9474-1A3956D46DE8}") = "Project", "Project", "{9B431865-014C-4659-9975-3610124BA9D5}"
EndProject
Project("{F2A71F9B-5D33-465A-A702-920D77279786}") = "Generator", "..\src\Generator\Generator.fsproj", "{3D946CBA-19C5-45E0-91E5-998C99B21AD2}"
EndProject
Global
	GlobalSection(SolutionConfigurationPlatforms) = preSolution
		Debug|Any CPU = Debug|Any CPU
		Release|Any CPU = Release|Any CPU
	EndGlobalSection
	GlobalSection(ProjectConfigurationPlatforms) = postSolution
		{695596B6-1E3A-414B-9FBF-79AAD25C002E}.Debug|Any CPU.ActiveCfg = Debug|Any CPU
		{695596B6-1E3A-414B-9FBF-79AAD25C002E}.Debug|Any CPU.Build.0 = Debug|Any CPU
		{695596B6-1E3A-414B-9FBF-79AAD25C002E}.Release|Any CPU.ActiveCfg = Release|Any CPU
		{695596B6-1E3A-414B-9FBF-79AAD25C002E}.Release|Any CPU.Build.0 = Release|Any CPU
		{E3DB5655-8563-450C-977B-00CDBEB4FA44}.Debug|Any CPU.ActiveCfg = Debug|Any CPU
		{E3DB5655-8563-450C-977B-00CDBEB4FA44}.Debug|Any CPU.Build.0 = Debug|Any CPU
		{E3DB5655-8563-450C-977B-00CDBEB4FA44}.Release|Any CPU.ActiveCfg = Release|Any CPU
		{E3DB5655-8563-450C-977B-00CDBEB4FA44}.Release|Any CPU.Build.0 = Release|Any CPU
		{3D946CBA-19C5-45E0-91E5-998C99B21AD2}.Debug|Any CPU.ActiveCfg = Debug|Any CPU
		{3D946CBA-19C5-45E0-91E5-998C99B21AD2}.Debug|Any CPU.Build.0 = Debug|Any CPU
		{3D946CBA-19C5-45E0-91E5-998C99B21AD2}.Release|Any CPU.ActiveCfg = Release|Any CPU
		{3D946CBA-19C5-45E0-91E5-998C99B21AD2}.Release|Any CPU.Build.0 = Release|Any CPU
	EndGlobalSection
	GlobalSection(NestedProjects) = preSolution
		{3D946CBA-19C5-45E0-91E5-998C99B21AD2} = {9B431865-014C-4659-9975-3610124BA9D5}
	EndGlobalSection
EndGlobal
