
Microsoft Visual Studio Solution File, Format Version 12.00
# Visual Studio Version 16
VisualStudioVersion = 16.0.30114.105
MinimumVisualStudioVersion = 10.0.40219.1
Project("{F2A71F9B-5D33-465A-A702-920D77279786}") = "Generator", "Generator\Generator.fsproj", "{F53DBA3B-5579-4FBE-A5BE-08DA026A9E48}"
EndProject
Project("{F2A71F9B-5D33-465A-A702-920D77279786}") = "Shared", "Shared\Shared.fsproj", "{1DE06A61-3013-490B-8AB3-624A8892F41B}"
EndProject
Project("{F2A71F9B-5D33-465A-A702-920D77279786}") = "Generator.Worker", "Generator.Worker\Generator.Worker.fsproj", "{26BDAAB6-C2C8-493C-BAAE-2F14BCA13EB6}"
EndProject
Project("{F2A71F9B-5D33-465A-A702-920D77279786}") = "Generator.Bot", "Generator.Bot\Generator.Bot.fsproj", "{DC21D04B-66C4-4E32-A8B2-6FFE9839225F}"
EndProject
Project("{FAE04EC0-301F-11D3-BF4B-00C04F79EFBC}") = "Database", "Database\Database.csproj", "{91F79094-F203-40D2-A33C-DE1E162C380A}"
EndProject
Project("{FAE04EC0-301F-11D3-BF4B-00C04F79EFBC}") = "Resources", "Resources\Resources.csproj", "{72F7EEAB-192B-4BA2-A827-A876B3825821}"
EndProject
Project("{F2A71F9B-5D33-465A-A702-920D77279786}") = "Migrator", "Migrator\Migrator.fsproj", "{2EACD6AA-5752-4462-A339-5828DD51111B}"
EndProject
Project("{F2A71F9B-5D33-465A-A702-920D77279786}") = "Domain", "Domain\Domain.fsproj", "{3A2CAED2-D804-4443-A284-F1FC1E3C5317}"
EndProject
Project("{F2A71F9B-5D33-465A-A702-920D77279786}") = "Infrastructure", "Infrastructure\Infrastructure.fsproj", "{D8739AB1-B1EA-45D7-B2D0-7BA344A72EF1}"
EndProject
Global
	GlobalSection(SolutionConfigurationPlatforms) = preSolution
		Debug|Any CPU = Debug|Any CPU
		Release|Any CPU = Release|Any CPU
	EndGlobalSection
	GlobalSection(SolutionProperties) = preSolution
		HideSolutionNode = FALSE
	EndGlobalSection
	GlobalSection(ProjectConfigurationPlatforms) = postSolution
		{F53DBA3B-5579-4FBE-A5BE-08DA026A9E48}.Debug|Any CPU.ActiveCfg = Debug|Any CPU
		{F53DBA3B-5579-4FBE-A5BE-08DA026A9E48}.Debug|Any CPU.Build.0 = Debug|Any CPU
		{F53DBA3B-5579-4FBE-A5BE-08DA026A9E48}.Release|Any CPU.ActiveCfg = Release|Any CPU
		{F53DBA3B-5579-4FBE-A5BE-08DA026A9E48}.Release|Any CPU.Build.0 = Release|Any CPU
		{1DE06A61-3013-490B-8AB3-624A8892F41B}.Debug|Any CPU.ActiveCfg = Debug|Any CPU
		{1DE06A61-3013-490B-8AB3-624A8892F41B}.Debug|Any CPU.Build.0 = Debug|Any CPU
		{1DE06A61-3013-490B-8AB3-624A8892F41B}.Release|Any CPU.ActiveCfg = Release|Any CPU
		{1DE06A61-3013-490B-8AB3-624A8892F41B}.Release|Any CPU.Build.0 = Release|Any CPU
		{26BDAAB6-C2C8-493C-BAAE-2F14BCA13EB6}.Debug|Any CPU.ActiveCfg = Debug|Any CPU
		{26BDAAB6-C2C8-493C-BAAE-2F14BCA13EB6}.Debug|Any CPU.Build.0 = Debug|Any CPU
		{26BDAAB6-C2C8-493C-BAAE-2F14BCA13EB6}.Release|Any CPU.ActiveCfg = Release|Any CPU
		{26BDAAB6-C2C8-493C-BAAE-2F14BCA13EB6}.Release|Any CPU.Build.0 = Release|Any CPU
		{DC21D04B-66C4-4E32-A8B2-6FFE9839225F}.Debug|Any CPU.ActiveCfg = Debug|Any CPU
		{DC21D04B-66C4-4E32-A8B2-6FFE9839225F}.Debug|Any CPU.Build.0 = Debug|Any CPU
		{DC21D04B-66C4-4E32-A8B2-6FFE9839225F}.Release|Any CPU.ActiveCfg = Release|Any CPU
		{DC21D04B-66C4-4E32-A8B2-6FFE9839225F}.Release|Any CPU.Build.0 = Release|Any CPU
		{91F79094-F203-40D2-A33C-DE1E162C380A}.Debug|Any CPU.ActiveCfg = Debug|Any CPU
		{91F79094-F203-40D2-A33C-DE1E162C380A}.Debug|Any CPU.Build.0 = Debug|Any CPU
		{91F79094-F203-40D2-A33C-DE1E162C380A}.Release|Any CPU.ActiveCfg = Release|Any CPU
		{91F79094-F203-40D2-A33C-DE1E162C380A}.Release|Any CPU.Build.0 = Release|Any CPU
		{72F7EEAB-192B-4BA2-A827-A876B3825821}.Debug|Any CPU.ActiveCfg = Debug|Any CPU
		{72F7EEAB-192B-4BA2-A827-A876B3825821}.Debug|Any CPU.Build.0 = Debug|Any CPU
		{72F7EEAB-192B-4BA2-A827-A876B3825821}.Release|Any CPU.ActiveCfg = Release|Any CPU
		{72F7EEAB-192B-4BA2-A827-A876B3825821}.Release|Any CPU.Build.0 = Release|Any CPU
		{2EACD6AA-5752-4462-A339-5828DD51111B}.Debug|Any CPU.ActiveCfg = Debug|Any CPU
		{2EACD6AA-5752-4462-A339-5828DD51111B}.Debug|Any CPU.Build.0 = Debug|Any CPU
		{2EACD6AA-5752-4462-A339-5828DD51111B}.Release|Any CPU.ActiveCfg = Release|Any CPU
		{2EACD6AA-5752-4462-A339-5828DD51111B}.Release|Any CPU.Build.0 = Release|Any CPU
		{3A2CAED2-D804-4443-A284-F1FC1E3C5317}.Debug|Any CPU.ActiveCfg = Debug|Any CPU
		{3A2CAED2-D804-4443-A284-F1FC1E3C5317}.Debug|Any CPU.Build.0 = Debug|Any CPU
		{3A2CAED2-D804-4443-A284-F1FC1E3C5317}.Release|Any CPU.ActiveCfg = Release|Any CPU
		{3A2CAED2-D804-4443-A284-F1FC1E3C5317}.Release|Any CPU.Build.0 = Release|Any CPU
		{D8739AB1-B1EA-45D7-B2D0-7BA344A72EF1}.Debug|Any CPU.ActiveCfg = Debug|Any CPU
		{D8739AB1-B1EA-45D7-B2D0-7BA344A72EF1}.Debug|Any CPU.Build.0 = Debug|Any CPU
		{D8739AB1-B1EA-45D7-B2D0-7BA344A72EF1}.Release|Any CPU.ActiveCfg = Release|Any CPU
		{D8739AB1-B1EA-45D7-B2D0-7BA344A72EF1}.Release|Any CPU.Build.0 = Release|Any CPU
	EndGlobalSection
EndGlobal
