
Microsoft Visual Studio Solution File, Format Version 12.00
# Visual Studio Version 16
VisualStudioVersion = 16.0.30114.105
MinimumVisualStudioVersion = 10.0.40219.1
Project("{F2A71F9B-5D33-465A-A702-920D77279786}") = "Generator", "Generator\Generator.fsproj", "{F53DBA3B-5579-4FBE-A5BE-08DA026A9E48}"
EndProject
Project("{FAE04EC0-301F-11D3-BF4B-00C04F79EFBC}") = "Database", "Database\Database.csproj", "{91F79094-F203-40D2-A33C-DE1E162C380A}"
EndProject
Project("{FAE04EC0-301F-11D3-BF4B-00C04F79EFBC}") = "Resources", "Resources\Resources.csproj", "{72F7EEAB-192B-4BA2-A827-A876B3825821}"
EndProject
Project("{F2A71F9B-5D33-465A-A702-920D77279786}") = "Domain", "Domain\Domain.fsproj", "{3A2CAED2-D804-4443-A284-F1FC1E3C5317}"
EndProject
Project("{F2A71F9B-5D33-465A-A702-920D77279786}") = "Infrastructure", "Infrastructure\Infrastructure.fsproj", "{D8739AB1-B1EA-45D7-B2D0-7BA344A72EF1}"
EndProject
Project("{F2A71F9B-5D33-465A-A702-920D77279786}") = "Telegram", "Telegram\Telegram.fsproj", "{A86E6930-633A-4955-8C1B-27B0D7EF8F0F}"
EndProject
Project("{F2A71F9B-5D33-465A-A702-920D77279786}") = "Infrastructure.Telegram", "Infrastructure.Telegram\Infrastructure.Telegram.fsproj", "{F91F2A4B-4D2C-445B-9C19-BA43B31F7698}"
EndProject
Project("{2150E333-8FDC-42A3-9474-1A3956D46DE8}") = "tests", "tests", "{EC4A53AE-45F5-4B9A-8F09-61971D209C71}"
EndProject
Project("{F2A71F9B-5D33-465A-A702-920D77279786}") = "Domain.Tests", "..\tests\Domain.Tests\Domain.Tests.fsproj", "{F3C040BA-4CF9-4055-A10E-18F1AA822B21}"
EndProject
Project("{F2A71F9B-5D33-465A-A702-920D77279786}") = "Telegram.Tests", "..\tests\Telegram.Tests\Telegram.Tests.fsproj", "{15F1A95E-9180-4886-A334-EC5240CCA937}"
EndProject
Project("{F2A71F9B-5D33-465A-A702-920D77279786}") = "Domain.Integrations.Spotify", "Domain.Integrations.Spotify\Domain.Integrations.Spotify.fsproj", "{83262163-EE97-4DC0-A704-AEC09E49DF1A}"
EndProject
Project("{2150E333-8FDC-42A3-9474-1A3956D46DE8}") = "Domain", "Domain", "{5A152CF7-B1CB-42E9-B0E5-8BC9E0D33DDD}"
EndProject
Project("{2150E333-8FDC-42A3-9474-1A3956D46DE8}") = "Bot", "Bot", "{0335FF74-7FF0-44A8-AFEB-93BD0D0D2575}"
EndProject
Project("{2150E333-8FDC-42A3-9474-1A3956D46DE8}") = "Runners", "Runners", "{DCBF387D-D7F7-484E-A001-26A6D95E7F0F}"
EndProject
Project("{2150E333-8FDC-42A3-9474-1A3956D46DE8}") = "src", "src", "{C10ED4A4-EC21-4427-B963-ADA5E9C41D87}"
EndProject
Global
	GlobalSection(SolutionConfigurationPlatforms) = preSolution
		Debug|Any CPU = Debug|Any CPU
		Release|Any CPU = Release|Any CPU
	EndGlobalSection
	GlobalSection(SolutionProperties) = preSolution
		HideSolutionNode = FALSE
	EndGlobalSection
	GlobalSection(ProjectConfigurationPlatforms) = postSolution
		{F53DBA3B-5579-4FBE-A5BE-08DA026A9E48}.Debug|Any CPU.ActiveCfg = Debug|Any CPU
		{F53DBA3B-5579-4FBE-A5BE-08DA026A9E48}.Debug|Any CPU.Build.0 = Debug|Any CPU
		{F53DBA3B-5579-4FBE-A5BE-08DA026A9E48}.Release|Any CPU.ActiveCfg = Release|Any CPU
		{F53DBA3B-5579-4FBE-A5BE-08DA026A9E48}.Release|Any CPU.Build.0 = Release|Any CPU
		{91F79094-F203-40D2-A33C-DE1E162C380A}.Debug|Any CPU.ActiveCfg = Debug|Any CPU
		{91F79094-F203-40D2-A33C-DE1E162C380A}.Debug|Any CPU.Build.0 = Debug|Any CPU
		{91F79094-F203-40D2-A33C-DE1E162C380A}.Release|Any CPU.ActiveCfg = Release|Any CPU
		{91F79094-F203-40D2-A33C-DE1E162C380A}.Release|Any CPU.Build.0 = Release|Any CPU
		{72F7EEAB-192B-4BA2-A827-A876B3825821}.Debug|Any CPU.ActiveCfg = Debug|Any CPU
		{72F7EEAB-192B-4BA2-A827-A876B3825821}.Debug|Any CPU.Build.0 = Debug|Any CPU
		{72F7EEAB-192B-4BA2-A827-A876B3825821}.Release|Any CPU.ActiveCfg = Release|Any CPU
		{72F7EEAB-192B-4BA2-A827-A876B3825821}.Release|Any CPU.Build.0 = Release|Any CPU
		{3A2CAED2-D804-4443-A284-F1FC1E3C5317}.Debug|Any CPU.ActiveCfg = Debug|Any CPU
		{3A2CAED2-D804-4443-A284-F1FC1E3C5317}.Debug|Any CPU.Build.0 = Debug|Any CPU
		{3A2CAED2-D804-4443-A284-F1FC1E3C5317}.Release|Any CPU.ActiveCfg = Release|Any CPU
		{3A2CAED2-D804-4443-A284-F1FC1E3C5317}.Release|Any CPU.Build.0 = Release|Any CPU
		{D8739AB1-B1EA-45D7-B2D0-7BA344A72EF1}.Debug|Any CPU.ActiveCfg = Debug|Any CPU
		{D8739AB1-B1EA-45D7-B2D0-7BA344A72EF1}.Debug|Any CPU.Build.0 = Debug|Any CPU
		{D8739AB1-B1EA-45D7-B2D0-7BA344A72EF1}.Release|Any CPU.ActiveCfg = Release|Any CPU
		{D8739AB1-B1EA-45D7-B2D0-7BA344A72EF1}.Release|Any CPU.Build.0 = Release|Any CPU
		{A86E6930-633A-4955-8C1B-27B0D7EF8F0F}.Debug|Any CPU.ActiveCfg = Debug|Any CPU
		{A86E6930-633A-4955-8C1B-27B0D7EF8F0F}.Debug|Any CPU.Build.0 = Debug|Any CPU
		{A86E6930-633A-4955-8C1B-27B0D7EF8F0F}.Release|Any CPU.ActiveCfg = Release|Any CPU
		{A86E6930-633A-4955-8C1B-27B0D7EF8F0F}.Release|Any CPU.Build.0 = Release|Any CPU
		{F91F2A4B-4D2C-445B-9C19-BA43B31F7698}.Debug|Any CPU.ActiveCfg = Debug|Any CPU
		{F91F2A4B-4D2C-445B-9C19-BA43B31F7698}.Debug|Any CPU.Build.0 = Debug|Any CPU
		{F91F2A4B-4D2C-445B-9C19-BA43B31F7698}.Release|Any CPU.ActiveCfg = Release|Any CPU
		{F91F2A4B-4D2C-445B-9C19-BA43B31F7698}.Release|Any CPU.Build.0 = Release|Any CPU
		{F3C040BA-4CF9-4055-A10E-18F1AA822B21}.Debug|Any CPU.ActiveCfg = Debug|Any CPU
		{F3C040BA-4CF9-4055-A10E-18F1AA822B21}.Debug|Any CPU.Build.0 = Debug|Any CPU
		{F3C040BA-4CF9-4055-A10E-18F1AA822B21}.Release|Any CPU.ActiveCfg = Release|Any CPU
		{F3C040BA-4CF9-4055-A10E-18F1AA822B21}.Release|Any CPU.Build.0 = Release|Any CPU
		{15F1A95E-9180-4886-A334-EC5240CCA937}.Debug|Any CPU.ActiveCfg = Debug|Any CPU
		{15F1A95E-9180-4886-A334-EC5240CCA937}.Debug|Any CPU.Build.0 = Debug|Any CPU
		{15F1A95E-9180-4886-A334-EC5240CCA937}.Release|Any CPU.ActiveCfg = Release|Any CPU
		{15F1A95E-9180-4886-A334-EC5240CCA937}.Release|Any CPU.Build.0 = Release|Any CPU
		{83262163-EE97-4DC0-A704-AEC09E49DF1A}.Debug|Any CPU.ActiveCfg = Debug|Any CPU
		{83262163-EE97-4DC0-A704-AEC09E49DF1A}.Debug|Any CPU.Build.0 = Debug|Any CPU
		{83262163-EE97-4DC0-A704-AEC09E49DF1A}.Release|Any CPU.ActiveCfg = Release|Any CPU
		{83262163-EE97-4DC0-A704-AEC09E49DF1A}.Release|Any CPU.Build.0 = Release|Any CPU
	EndGlobalSection
	GlobalSection(NestedProjects) = preSolution
		{F3C040BA-4CF9-4055-A10E-18F1AA822B21} = {EC4A53AE-45F5-4B9A-8F09-61971D209C71}
		{15F1A95E-9180-4886-A334-EC5240CCA937} = {EC4A53AE-45F5-4B9A-8F09-61971D209C71}
		{3A2CAED2-D804-4443-A284-F1FC1E3C5317} = {5A152CF7-B1CB-42E9-B0E5-8BC9E0D33DDD}
		{83262163-EE97-4DC0-A704-AEC09E49DF1A} = {5A152CF7-B1CB-42E9-B0E5-8BC9E0D33DDD}
		{D8739AB1-B1EA-45D7-B2D0-7BA344A72EF1} = {5A152CF7-B1CB-42E9-B0E5-8BC9E0D33DDD}
		{F91F2A4B-4D2C-445B-9C19-BA43B31F7698} = {0335FF74-7FF0-44A8-AFEB-93BD0D0D2575}
		{A86E6930-633A-4955-8C1B-27B0D7EF8F0F} = {0335FF74-7FF0-44A8-AFEB-93BD0D0D2575}
		{91F79094-F203-40D2-A33C-DE1E162C380A} = {5A152CF7-B1CB-42E9-B0E5-8BC9E0D33DDD}
		{72F7EEAB-192B-4BA2-A827-A876B3825821} = {0335FF74-7FF0-44A8-AFEB-93BD0D0D2575}
		{F53DBA3B-5579-4FBE-A5BE-08DA026A9E48} = {DCBF387D-D7F7-484E-A001-26A6D95E7F0F}
		{0335FF74-7FF0-44A8-AFEB-93BD0D0D2575} = {C10ED4A4-EC21-4427-B963-ADA5E9C41D87}
		{5A152CF7-B1CB-42E9-B0E5-8BC9E0D33DDD} = {C10ED4A4-EC21-4427-B963-ADA5E9C41D87}
		{DCBF387D-D7F7-484E-A001-26A6D95E7F0F} = {C10ED4A4-EC21-4427-B963-ADA5E9C41D87}
	EndGlobalSection
EndGlobal
